
Microsoft Visual Studio Solution File, Format Version 12.00
# Visual Studio Version 17
VisualStudioVersion = 17.5.002.0
MinimumVisualStudioVersion = 10.0.40219.1
Project("{2150E333-8FDC-42A3-9474-1A3956D46DE8}") = "samples", "samples", "{8FDAD4A8-D5A1-4C97-B09A-1562AACD45F0}"
EndProject
Project("{9A19103F-16F7-4668-BE54-9A1E7A4F7556}") = "Affinidi-Login-Demo-App", "samples\affinidi-dotnet-openidconnect\Affinidi-Login-Demo-App.csproj", "{E6472308-B8E5-433D-A71A-54DD8C8A0F02}"
EndProject
Project("{2150E333-8FDC-42A3-9474-1A3956D46DE8}") = "generator", "generator", "{4D231EA7-9B8E-4DA7-949C-AD8243D7AD77}"
EndProject
Project("{2150E333-8FDC-42A3-9474-1A3956D46DE8}") = "dotnet", "dotnet", "{91E4E678-19F6-4533-BCC7-7388CAC03EE8}"
EndProject
Project("{9A19103F-16F7-4668-BE54-9A1E7A4F7556}") = "Affinidi-Login-Demo-App", "generator\dotnet\template\Affinidi-Login-Demo-App.csproj", "{FFEB20D8-5C03-47DE-8598-EE7CDE95DF25}"
EndProject
Global
	GlobalSection(SolutionConfigurationPlatforms) = preSolution
		Debug|Any CPU = Debug|Any CPU
		Release|Any CPU = Release|Any CPU
	EndGlobalSection
	GlobalSection(ProjectConfigurationPlatforms) = postSolution
		{E6472308-B8E5-433D-A71A-54DD8C8A0F02}.Debug|Any CPU.ActiveCfg = Debug|Any CPU
		{E6472308-B8E5-433D-A71A-54DD8C8A0F02}.Debug|Any CPU.Build.0 = Debug|Any CPU
		{E6472308-B8E5-433D-A71A-54DD8C8A0F02}.Release|Any CPU.ActiveCfg = Release|Any CPU
		{E6472308-B8E5-433D-A71A-54DD8C8A0F02}.Release|Any CPU.Build.0 = Release|Any CPU
		{FFEB20D8-5C03-47DE-8598-EE7CDE95DF25}.Debug|Any CPU.ActiveCfg = Debug|Any CPU
		{FFEB20D8-5C03-47DE-8598-EE7CDE95DF25}.Debug|Any CPU.Build.0 = Debug|Any CPU
		{FFEB20D8-5C03-47DE-8598-EE7CDE95DF25}.Release|Any CPU.ActiveCfg = Release|Any CPU
		{FFEB20D8-5C03-47DE-8598-EE7CDE95DF25}.Release|Any CPU.Build.0 = Release|Any CPU
	EndGlobalSection
	GlobalSection(SolutionProperties) = preSolution
		HideSolutionNode = FALSE
	EndGlobalSection
	GlobalSection(NestedProjects) = preSolution
		{E6472308-B8E5-433D-A71A-54DD8C8A0F02} = {8FDAD4A8-D5A1-4C97-B09A-1562AACD45F0}
		{91E4E678-19F6-4533-BCC7-7388CAC03EE8} = {4D231EA7-9B8E-4DA7-949C-AD8243D7AD77}
		{FFEB20D8-5C03-47DE-8598-EE7CDE95DF25} = {91E4E678-19F6-4533-BCC7-7388CAC03EE8}
	EndGlobalSection
	GlobalSection(ExtensibilityGlobals) = postSolution
		SolutionGuid = {8F5A4E86-8858-427E-9692-64339699ABBE}
	EndGlobalSection
EndGlobal
